
Microsoft Visual Studio Solution File, Format Version 12.00
# Visual Studio 15
VisualStudioVersion = 15.0.28307.168
MinimumVisualStudioVersion = 10.0.40219.1
Project("{FAE04EC0-301F-11D3-BF4B-00C04F79EFBC}") = "TimbresIP", "TimbresIP\TimbresIP.csproj", "{C51085EC-37CA-4392-9C40-33DE2C19E081}"
EndProject
Project("{54435603-DBB4-11D2-8724-00A0C9A8B90C}") = "Setup", "Setup\Setup.vdproj", "{688A0580-984F-4C61-A324-C9EC8CE99C4E}"
EndProject
Global
	GlobalSection(SolutionConfigurationPlatforms) = preSolution
		Debug|Any CPU = Debug|Any CPU
		Release|Any CPU = Release|Any CPU
	EndGlobalSection
	GlobalSection(ProjectConfigurationPlatforms) = postSolution
		{C51085EC-37CA-4392-9C40-33DE2C19E081}.Debug|Any CPU.ActiveCfg = Debug|Any CPU
		{C51085EC-37CA-4392-9C40-33DE2C19E081}.Debug|Any CPU.Build.0 = Debug|Any CPU
		{C51085EC-37CA-4392-9C40-33DE2C19E081}.Release|Any CPU.ActiveCfg = Release|Any CPU
		{C51085EC-37CA-4392-9C40-33DE2C19E081}.Release|Any CPU.Build.0 = Release|Any CPU
		{688A0580-984F-4C61-A324-C9EC8CE99C4E}.Debug|Any CPU.ActiveCfg = Debug
		{688A0580-984F-4C61-A324-C9EC8CE99C4E}.Release|Any CPU.ActiveCfg = Release
	EndGlobalSection
	GlobalSection(SolutionProperties) = preSolution
		HideSolutionNode = FALSE
	EndGlobalSection
	GlobalSection(ExtensibilityGlobals) = postSolution
		SolutionGuid = {FFFD6870-379C-4F9D-ADBF-0BAF7FA741D4}
	EndGlobalSection
EndGlobal
